
Microsoft Visual Studio Solution File, Format Version 12.00
# Visual Studio Version 17
VisualStudioVersion = 17.10.34825.169
MinimumVisualStudioVersion = 10.0.40219.1
Project("{9A19103F-16F7-4668-BE54-9A1E7A4F7556}") = "SimpleAsyncExample", "SimpleAsyncExample\SimpleAsyncExample.csproj", "{260DD262-8606-424F-A9B0-2A41B047074E}"
EndProject
Project("{9A19103F-16F7-4668-BE54-9A1E7A4F7556}") = "SimpleExample", "SimpleExample\SimpleExample.csproj", "{A8B641D8-7FDB-4E83-BD4D-9FCEA402F7BB}"
EndProject
Project("{FAE04EC0-301F-11D3-BF4B-00C04F79EFBC}") = "ClientApp", "ClientApp\ClientApp.csproj", "{ABD3A5AC-F2C4-4000-AC88-61E674DE65D5}"
EndProject
Global
	GlobalSection(SolutionConfigurationPlatforms) = preSolution
		Debug|Any CPU = Debug|Any CPU
		Release|Any CPU = Release|Any CPU
	EndGlobalSection
	GlobalSection(ProjectConfigurationPlatforms) = postSolution
		{260DD262-8606-424F-A9B0-2A41B047074E}.Debug|Any CPU.ActiveCfg = Debug|Any CPU
		{260DD262-8606-424F-A9B0-2A41B047074E}.Debug|Any CPU.Build.0 = Debug|Any CPU
		{260DD262-8606-424F-A9B0-2A41B047074E}.Release|Any CPU.ActiveCfg = Release|Any CPU
		{260DD262-8606-424F-A9B0-2A41B047074E}.Release|Any CPU.Build.0 = Release|Any CPU
		{A8B641D8-7FDB-4E83-BD4D-9FCEA402F7BB}.Debug|Any CPU.ActiveCfg = Debug|Any CPU
		{A8B641D8-7FDB-4E83-BD4D-9FCEA402F7BB}.Debug|Any CPU.Build.0 = Debug|Any CPU
		{A8B641D8-7FDB-4E83-BD4D-9FCEA402F7BB}.Release|Any CPU.ActiveCfg = Release|Any CPU
		{A8B641D8-7FDB-4E83-BD4D-9FCEA402F7BB}.Release|Any CPU.Build.0 = Release|Any CPU
		{ABD3A5AC-F2C4-4000-AC88-61E674DE65D5}.Debug|Any CPU.ActiveCfg = Debug|Any CPU
		{ABD3A5AC-F2C4-4000-AC88-61E674DE65D5}.Debug|Any CPU.Build.0 = Debug|Any CPU
		{ABD3A5AC-F2C4-4000-AC88-61E674DE65D5}.Release|Any CPU.ActiveCfg = Release|Any CPU
		{ABD3A5AC-F2C4-4000-AC88-61E674DE65D5}.Release|Any CPU.Build.0 = Release|Any CPU
	EndGlobalSection
	GlobalSection(SolutionProperties) = preSolution
		HideSolutionNode = FALSE
	EndGlobalSection
	GlobalSection(ExtensibilityGlobals) = postSolution
		SolutionGuid = {F091EC2F-268D-4C90-B286-7B8586CB41B7}
	EndGlobalSection
EndGlobal
